{
  "projects": [
    {
      "projectId": "2L9hCuMqFA6xYDgKyhGrtm",
      "version": "latest",
      "dependencies": {},
      "lang": "js",
      "fileLocks": [
        {
          "type": "globalVariant",
          "assetId": "qCm1iLXL7thTBV",
          "checksum": "253173f7bc19539e6f217086db001e94"
        },
        {
          "assetId": "2L9hCuMqFA6xYDgKyhGrtm",
          "type": "projectCss",
          "checksum": "d9fc5b64d2832f1086efd104f19a8315"
        },
        {
          "type": "renderModule",
          "assetId": "iJe-ff47ZjPLs",
          "checksum": "799588fc10dce713f795c0bccadcfdb3"
        },
        {
          "type": "cssRules",
          "assetId": "iJe-ff47ZjPLs",
          "checksum": "799588fc10dce713f795c0bccadcfdb3"
        },
        {
          "type": "renderModule",
          "assetId": "v4hszgxO9peNm",
          "checksum": "e8a313f54a198ec8d9c31603d749b6f2"
        },
        {
          "type": "cssRules",
          "assetId": "v4hszgxO9peNm",
          "checksum": "e8a313f54a198ec8d9c31603d749b6f2"
        },
        {
          "type": "renderModule",
          "assetId": "wV3YVcGwShnWr",
          "checksum": "e9859a5df44318de8b49bf1af2350129"
        },
        {
          "type": "cssRules",
          "assetId": "wV3YVcGwShnWr",
          "checksum": "e9859a5df44318de8b49bf1af2350129"
        },
        {
          "type": "renderModule",
          "assetId": "DD1KhTcTagclR",
          "checksum": "b3bd02fbcd94db60429877e3e73717f9"
        },
        {
          "type": "cssRules",
          "assetId": "DD1KhTcTagclR",
          "checksum": "b3bd02fbcd94db60429877e3e73717f9"
        },
        {
          "type": "renderModule",
          "assetId": "5EaK3yGZLLC1K",
          "checksum": "24ab56fad7173b06b7f81e32372c333a"
        },
        {
          "type": "cssRules",
          "assetId": "5EaK3yGZLLC1K",
          "checksum": "24ab56fad7173b06b7f81e32372c333a"
        },
        {
          "type": "renderModule",
          "assetId": "Fpmgd2F96f9no",
          "checksum": "62e1b57ddddcf53455ed9720fbdb0d1b"
        },
        {
          "type": "cssRules",
          "assetId": "Fpmgd2F96f9no",
          "checksum": "62e1b57ddddcf53455ed9720fbdb0d1b"
        },
        {
          "type": "renderModule",
          "assetId": "I6xI5GMEjQdNix",
          "checksum": "f2f074a0c4713783729efd7d0583c203"
        },
        {
          "type": "cssRules",
          "assetId": "I6xI5GMEjQdNix",
          "checksum": "f2f074a0c4713783729efd7d0583c203"
        },
        {
          "type": "renderModule",
          "assetId": "zn8FoPHtQ06VfQ",
          "checksum": "bde6e0f9a0f2e856b3fac30bfe7143ae"
        },
        {
          "type": "cssRules",
          "assetId": "zn8FoPHtQ06VfQ",
          "checksum": "bde6e0f9a0f2e856b3fac30bfe7143ae"
        },
        {
          "type": "renderModule",
          "assetId": "rlPwLBdmyIaRnn",
          "checksum": "726c011898b445d5e226a461bbc63f8d"
        },
        {
          "type": "cssRules",
          "assetId": "rlPwLBdmyIaRnn",
          "checksum": "726c011898b445d5e226a461bbc63f8d"
        },
        {
          "type": "renderModule",
          "assetId": "D3qVyYHMUzh6J2",
          "checksum": "0a559e23a25b17c7ed36313ad2ef6b3a"
        },
        {
          "type": "cssRules",
          "assetId": "D3qVyYHMUzh6J2",
          "checksum": "0a559e23a25b17c7ed36313ad2ef6b3a"
        },
        {
          "type": "icon",
          "assetId": "t9MauS3MBvFwmA",
          "checksum": "62a03d5efbde59202b3285bd2cf896cc"
        },
        {
          "type": "icon",
          "assetId": "zxCJ_f53-0w4G3",
          "checksum": "71c3abfde899e389568322211ed61b9b"
        },
        {
          "type": "image",
          "assetId": "YiA0C3D0dVqnLo",
          "checksum": "e3af71079a28d783653d72603eda165a"
        },
        {
          "type": "image",
          "assetId": "MuBZw_-lqaKoKM",
          "checksum": "d432b29675ed70eb4c22a24acec2916c"
        },
        {
          "type": "image",
          "assetId": "kJKzQTGYXzsneg",
          "checksum": "8b5b6f5da5285ecc42878c262a5f7a0b"
        },
        {
          "type": "image",
          "assetId": "7NW-5EbxDzJ1HC",
          "checksum": "1b7bb6ed7edfb1669a66720cdac6ea4f"
        },
        {
          "type": "image",
          "assetId": "0vQ1j8hzDRZCJY",
          "checksum": "9ba65cad2ec5901068cee817a13182a7"
        },
        {
          "type": "image",
          "assetId": "iWXaU5tu5km1Gy",
          "checksum": "d35fe604d4afd24d8955047e6d0a6a8a"
        },
        {
          "type": "image",
          "assetId": "rs9qeSIQ28TV2W",
          "checksum": "320da5f53802b00e904fab7df181507c"
        },
        {
          "type": "image",
          "assetId": "tuJah2RzlbpyJU",
          "checksum": "41715dc57aed8a4440503be2d4c8f7cb"
        },
        {
          "type": "image",
          "assetId": "Eve9AT5tEc4DBX",
          "checksum": "0b181568053b809de5144da7c28db966"
        },
        {
          "type": "image",
          "assetId": "IkQPEkr61rn7BB",
          "checksum": "4e188d644ab7ca9ea95602739ecf84a3"
        },
        {
          "type": "image",
          "assetId": "OtBoKetMaXU0M-",
          "checksum": "c2c563fcac62100da8174467318df21f"
        },
        {
          "type": "image",
          "assetId": "9os6D9vuiExFkU",
          "checksum": "b2062f05439db8b0fcd60298d0337427"
        },
        {
          "type": "image",
          "assetId": "qzXNoTTg61XS7g",
          "checksum": "c0ed30d5045974eeecafe16ab2e220c9"
        },
        {
          "type": "image",
          "assetId": "TCe0d0v6-OJrxf",
          "checksum": "268384b644ac388b32b68a26a08a4971"
        },
        {
          "type": "image",
          "assetId": "4TjoBfImftMIRX",
          "checksum": "920c70119d928ae2bc476c8ecd005d7f"
        },
        {
          "type": "image",
          "assetId": "s_Pg-V5odWf3yd",
          "checksum": "02b30577cd2c0a83fe45c36dd9e7ee03"
        },
        {
          "type": "image",
          "assetId": "cih1PHKbBnBrF3",
          "checksum": "6f3757b424ce9d1b3c395ca6955f5235"
        },
        {
          "type": "image",
          "assetId": "BPvwlwRs-MHXp4",
          "checksum": "08a1f4abdaa70a65bb0201bee13ed62d"
        },
        {
          "type": "image",
          "assetId": "p6WaRk1hZs2kpP",
          "checksum": "ff107a140156f122ef6e3406b7e5f6e3"
        },
        {
          "type": "image",
          "assetId": "sX7bgCA1yjicNo",
          "checksum": "bc7fe4d335eebba52bea9077a0c3abe9"
        },
        {
          "type": "image",
          "assetId": "AoSlW78OfYHCFs",
          "checksum": "52409d917ea18d5d44e9f66854ba056a"
        },
        {
          "type": "image",
          "assetId": "NjBqGpPljmE1UB",
          "checksum": "d8427b71c3fb2be483d8a85166ef417e"
        },
        {
          "type": "image",
          "assetId": "WWTHFMQSj2WP-n",
          "checksum": "44aa42a0d20d7ecf1207a7399ab48a8b"
        },
        {
          "type": "image",
          "assetId": "UElVivj1AWgy6o",
          "checksum": "0f7689c26b021871a0f8bd812d98ae6f"
        },
        {
          "type": "image",
          "assetId": "wASbuaixwMYPo_",
          "checksum": "10d2e2f75753454f58853a77aa65b75e"
        },
        {
          "type": "image",
          "assetId": "aJoFtzhUKRjTV_",
          "checksum": "36d6894438fa7789141c17128206ba86"
        },
        {
          "type": "image",
          "assetId": "wsoSnn-gQEheLk",
          "checksum": "576114c538e58f36ad5bd4294889948e"
        },
        {
          "type": "image",
          "assetId": "5Vvxwzz5vuqt0E",
          "checksum": "6139dee2b19bd81ef9cfb4d70fd9bf47"
        },
        {
          "type": "image",
          "assetId": "wPduOcp2sSCsfk",
          "checksum": "39621ac9989ac9591d69292079a0a0d8"
        },
        {
          "type": "image",
          "assetId": "yxiASHrOIV0J6q",
          "checksum": "ae17e73337f1e71631358ba1d518e041"
        },
        {
          "type": "image",
          "assetId": "8RY1EGxfmJIRfr",
          "checksum": "b7dfc2fcf10ed281331b1009838b5a5e"
        },
        {
          "type": "image",
          "assetId": "Ymf8Qi_nKHSjX4",
          "checksum": "92e307f1954b1ecb929640f19c199cc4"
        },
        {
          "type": "image",
          "assetId": "CXnq8xWLY1O4HR",
          "checksum": "ab3d6c9cb2dd8089195e1b3a5b7eccc5"
        },
        {
          "type": "image",
          "assetId": "shWK0RuTrxlpQO",
          "checksum": "1ed015750d269e5bdb34e947a7001b8a"
        },
        {
          "type": "image",
          "assetId": "ypKF2KL1doRpf8",
          "checksum": "6105f394d87ebf776ecebab4dfb73cf1"
        },
        {
          "type": "image",
          "assetId": "GUFckwqzk6PZbQ",
          "checksum": "a681810730234b2f81cd9bfc48405fc9"
        },
        {
          "type": "image",
          "assetId": "vThSMTTDhWv8-1",
          "checksum": "b0eb14d10d34dbf489c91c8aa2c98a66"
        },
        {
          "type": "image",
          "assetId": "AXM2BXk4lYG-i8",
          "checksum": "45c59162add7bf2eda3eaa2204109df6"
        },
        {
          "type": "image",
          "assetId": "bABwCAoeu6_EEX",
          "checksum": "b68f256117d705dcfce0e52580137bd8"
        }
      ],
      "codegenVersion": "0.0.1"
    }
  ],
  "cliVersion": "0.1.174"
}
